# Nomad integration snapshot lock v2
#
# module  commit  branch  tree
#
# tree is the sha256 of this component's sorted lines in
# COMPONENTS.sha256, so the lock cannot be left behind when the vendored
# code moves. v1 recorded only the commit, nothing checked it, and it sat
# pointing at a fabric with no ErrCellDropped while the vendored tree had
# one: anyone auditing which fabric this integration carries would have
# checked out the wrong code. supplychain/snapshot_test.go checks it now.
github.com/Jtensetti/nomad-anytrust-mix-sim e54a0f5 claude/nomad-production-ready-dxv4ql 3899989bd76a57fca649c552356ff83cfb7826a8e16a3185a8a434f8787d384a
github.com/Jtensetti/nomad-constant-rate-fabric af4ba45 claude/nomad-production-ready-dxv4ql 9f349b4a7b157be1e7af0927f3a2ff46dbfe8f271c81c1a37c06bf10941ced6c
github.com/Jtensetti/nomad-local-reconstruction 71549da claude/nomad-production-ready-dxv4ql 89d07dd05e4a1fb6f36e98d6222af87f6fe7eea7a73de2b5675fbf5da505e4c7
github.com/Jtensetti/nomad-rlnc 2aaafe6 claude/nomad-production-ready-dxv4ql 9d89ee6c4d988f48d4d3c3a46d4461a307d3ad34ba016adc6c98af4ed0d7ddaf
github.com/Jtensetti/nomad-selection-firewall f45a5f9 claude/nomad-production-ready-dxv4ql 042f7ebd075fa1f6684598af3e23e739898bfc750c697d7744489e1753fc6d35
github.com/Jtensetti/nomad-semantic-basins bd3c5cc claude/nomad-production-ready-dxv4ql 546b8e868bbac5cd615aa36daa8fbf4772e06e4678920bf8afb91f07b889fc33
