# Nomad integration snapshot lock v2
#
# module  commit  branch  tree
#
# tree is the sha256 of this component's sorted lines in
# COMPONENTS.sha256, so the lock cannot be left behind when the vendored
# code moves. v1 recorded only the commit, nothing checked it, and it sat
# pointing at a fabric with no ErrCellDropped while the vendored tree had
# one: anyone auditing which fabric this integration carries would have
# checked out the wrong code. supplychain/snapshot_test.go checks it now.
github.com/Jtensetti/nomad-anytrust-mix-sim b086377 claude/nomad-production-ready-dxv4ql a6c89bdba07a68cacb9248b919e08572b30bd2a29bd20bd3e1b7338590507285
github.com/Jtensetti/nomad-constant-rate-fabric 5aab244 claude/nomad-production-ready-dxv4ql 0d2a38d76b4d4ed63bef77a15dc13894fa981af32bed1b6276593768e16d914f
github.com/Jtensetti/nomad-local-reconstruction 71549da claude/nomad-production-ready-dxv4ql 89d07dd05e4a1fb6f36e98d6222af87f6fe7eea7a73de2b5675fbf5da505e4c7
github.com/Jtensetti/nomad-rlnc 2aaafe6 claude/nomad-production-ready-dxv4ql 9d89ee6c4d988f48d4d3c3a46d4461a307d3ad34ba016adc6c98af4ed0d7ddaf
github.com/Jtensetti/nomad-selection-firewall f45a5f9 claude/nomad-production-ready-dxv4ql 042f7ebd075fa1f6684598af3e23e739898bfc750c697d7744489e1753fc6d35
github.com/Jtensetti/nomad-semantic-basins bd3c5cc claude/nomad-production-ready-dxv4ql 546b8e868bbac5cd615aa36daa8fbf4772e06e4678920bf8afb91f07b889fc33
